
Microsoft Visual Studio Solution File, Format Version 12.00
# Visual Studio 15
VisualStudioVersion = 15.0.27130.2010
MinimumVisualStudioVersion = 10.0.40219.1
Project("{FAE04EC0-301F-11D3-BF4B-00C04F79EFBC}") = "GeographyNetCore", "GeographyNetCore\GeographyNetCore.csproj", "{3DEFF710-A9D9-4A2C-A456-9E07EE278E40}"
EndProject
Global
	GlobalSection(SolutionConfigurationPlatforms) = preSolution
		Debug|Any CPU = Debug|Any CPU
		Release|Any CPU = Release|Any CPU
	EndGlobalSection
	GlobalSection(ProjectConfigurationPlatforms) = postSolution
		{3DEFF710-A9D9-4A2C-A456-9E07EE278E40}.Debug|Any CPU.ActiveCfg = Debug|Any CPU
		{3DEFF710-A9D9-4A2C-A456-9E07EE278E40}.Debug|Any CPU.Build.0 = Debug|Any CPU
		{3DEFF710-A9D9-4A2C-A456-9E07EE278E40}.Release|Any CPU.ActiveCfg = Release|Any CPU
		{3DEFF710-A9D9-4A2C-A456-9E07EE278E40}.Release|Any CPU.Build.0 = Release|Any CPU
	EndGlobalSection
	GlobalSection(SolutionProperties) = preSolution
		HideSolutionNode = FALSE
	EndGlobalSection
	GlobalSection(ExtensibilityGlobals) = postSolution
		SolutionGuid = {84261B50-2AE4-4403-A203-E3507A5A7E99}
	EndGlobalSection
EndGlobal
